
Microsoft Visual Studio Solution File, Format Version 12.00
# Visual Studio Version 17
VisualStudioVersion = 17.0.32126.317
MinimumVisualStudioVersion = 10.0.40219.1
Project("{FAE04EC0-301F-11D3-BF4B-00C04F79EFBC}") = "Test3Digitain_Taron", "Test3Digitain_Taron\Test3Digitain_Taron.csproj", "{95DC21A0-6E7E-4A23-8C20-010CAFD816DB}"
EndProject
Global
	GlobalSection(SolutionConfigurationPlatforms) = preSolution
		Debug|Any CPU = Debug|Any CPU
		Release|Any CPU = Release|Any CPU
	EndGlobalSection
	GlobalSection(ProjectConfigurationPlatforms) = postSolution
		{95DC21A0-6E7E-4A23-8C20-010CAFD816DB}.Debug|Any CPU.ActiveCfg = Debug|Any CPU
		{95DC21A0-6E7E-4A23-8C20-010CAFD816DB}.Debug|Any CPU.Build.0 = Debug|Any CPU
		{95DC21A0-6E7E-4A23-8C20-010CAFD816DB}.Release|Any CPU.ActiveCfg = Release|Any CPU
		{95DC21A0-6E7E-4A23-8C20-010CAFD816DB}.Release|Any CPU.Build.0 = Release|Any CPU
	EndGlobalSection
	GlobalSection(SolutionProperties) = preSolution
		HideSolutionNode = FALSE
	EndGlobalSection
	GlobalSection(ExtensibilityGlobals) = postSolution
		SolutionGuid = {F5D8EBD0-0BA3-4DA9-9A27-41A739528981}
	EndGlobalSection
EndGlobal
